# THIS IS AN AUTOGENERATED FILE. DO NOT EDIT THIS FILE DIRECTLY.
# yarn lockfile v1


immutable@^4.0.0-rc.15:
  version "4.0.0-rc.15"
  resolved "https://registry.yarnpkg.com/immutable/-/immutable-4.0.0-rc.15.tgz#c30056f05eaaf5650fd15230586688fdd15c54bc"
  integrity sha512-v8+A3sNyaieoP9dHegl3tEYnIZa7vqNiSv0U6D7YddiZi34VjKy4GsIxrRHj2d8+CS3MeiVja5QyNe4JO/aEXA==

ramda@^0.27.1:
  version "0.27.1"
  resolved "https://registry.yarnpkg.com/ramda/-/ramda-0.27.1.tgz#66fc2df3ef873874ffc2da6aa8984658abacf5c9"
  integrity sha512-PgIdVpn5y5Yns8vqb8FzBUEYn98V3xcPgawAkkgj0YJ0qDsnHCiNmZYfOGMgOvoB0eWFLpYbhxUR3mxfDIMvpw==
